
Microsoft Visual Studio Solution File, Format Version 12.00
# Visual Studio 15
VisualStudioVersion = 15.0.28307.1259
MinimumVisualStudioVersion = 10.0.40219.1
Project("{FAE04EC0-301F-11D3-BF4B-00C04F79EFBC}") = "Api", "Api\Api.csproj", "{9FD9CD59-A3D5-43BF-B3DB-2488CCEF9CE3}"
EndProject
Global
	GlobalSection(SolutionConfigurationPlatforms) = preSolution
		Debug|Any CPU = Debug|Any CPU
		Release|Any CPU = Release|Any CPU
	EndGlobalSection
	GlobalSection(ProjectConfigurationPlatforms) = postSolution
		{9FD9CD59-A3D5-43BF-B3DB-2488CCEF9CE3}.Debug|Any CPU.ActiveCfg = Debug|Any CPU
		{9FD9CD59-A3D5-43BF-B3DB-2488CCEF9CE3}.Debug|Any CPU.Build.0 = Debug|Any CPU
		{9FD9CD59-A3D5-43BF-B3DB-2488CCEF9CE3}.Release|Any CPU.ActiveCfg = Release|Any CPU
		{9FD9CD59-A3D5-43BF-B3DB-2488CCEF9CE3}.Release|Any CPU.Build.0 = Release|Any CPU
	EndGlobalSection
	GlobalSection(SolutionProperties) = preSolution
		HideSolutionNode = FALSE
	EndGlobalSection
	GlobalSection(ExtensibilityGlobals) = postSolution
		SolutionGuid = {CF725B2C-652C-4BDC-B90C-2E49CA9E5E17}
	EndGlobalSection
EndGlobal
